{
    "_meta": {
        "hash": {
            "sha256": "9a89e732c65592cdf707deab57abeab97aee884b69c1804d36de807bebd6ab2b"
        },
        "pipfile-spec": 6,
        "requires": {
            "python_version": "3.8"
        },
        "sources": [
            {
                "name": "pypi",
                "url": "https://pypi.org/simple",
                "verify_ssl": true
            }
        ]
    },
    "default": {
        "asgiref": {
            "hashes": [
                "sha256:4ef1ab46b484e3c706329cedeff284a5d40824200638503f5768edb6de7d58e9",
                "sha256:ffc141aa908e6f175673e7b1b3b7af4fdb0ecb738fc5c8b88f69f055c2415214"
            ],
            "markers": "python_version >= '3.6'",
            "version": "==3.4.1"
        },
        "click": {
            "hashes": [
                "sha256:8c04c11192119b1ef78ea049e0a6f0463e4c48ef00a30160c704337586f3ad7a",
                "sha256:fba402a4a47334742d782209a7c79bc448911afe1149d07bdabdf480b3e2f4b6"
            ],
            "markers": "python_version >= '3.6'",
            "version": "==8.0.1"
        },
        "django": {
            "hashes": [
                "sha256:7f92413529aa0e291f3be78ab19be31aefb1e1c9a52cd59e130f505f27a51f13",
                "sha256:f27f8544c9d4c383bbe007c57e3235918e258364577373d4920e9162837be022"
            ],
            "index": "pypi",
            "version": "==3.2.6"
        },
        "djangorestframework": {
            "hashes": [
                "sha256:6d1d59f623a5ad0509fe0d6bfe93cbdfe17b8116ebc8eda86d45f6e16e819aaf",
                "sha256:f747949a8ddac876e879190df194b925c177cdeb725a099db1460872f7c0a7f2"
            ],
            "index": "pypi",
            "version": "==3.12.4"
        },
        "gunicorn": {
            "hashes": [
                "sha256:9dcc4547dbb1cb284accfb15ab5667a0e5d1881cc443e0677b4882a4067a807e",
                "sha256:e0a968b5ba15f8a328fdfd7ab1fcb5af4470c28aaf7e55df02a99bc13138e6e8"
            ],
            "index": "pypi",
            "version": "==20.1.0"
        },
        "h11": {
            "hashes": [
                "sha256:36a3cb8c0a032f56e2da7084577878a035d3b61d104230d4bd49c0c6b555a9c6",
                "sha256:47222cb6067e4a307d535814917cd98fd0a57b6788ce715755fa2b6c28b56042"
            ],
            "markers": "python_version >= '3.6'",
            "version": "==0.12.0"
        },
        "psycopg2": {
            "hashes": [
                "sha256:079d97fc22de90da1d370c90583659a9f9a6ee4007355f5825e5f1c70dffc1fa",
                "sha256:2087013c159a73e09713294a44d0c8008204d06326006b7f652bef5ace66eebb",
                "sha256:2c992196719fadda59f72d44603ee1a2fdcc67de097eea38d41c7ad9ad246e62",
                "sha256:7640e1e4d72444ef012e275e7b53204d7fab341fb22bc76057ede22fe6860b25",
                "sha256:7f91312f065df517187134cce8e395ab37f5b601a42446bdc0f0d51773621854",
                "sha256:830c8e8dddab6b6716a4bf73a09910c7954a92f40cf1d1e702fb93c8a919cc56",
                "sha256:89409d369f4882c47f7ea20c42c5046879ce22c1e4ea20ef3b00a4dfc0a7f188",
                "sha256:bf35a25f1aaa8a3781195595577fcbb59934856ee46b4f252f56ad12b8043bcf",
                "sha256:de5303a6f1d0a7a34b9d40e4d3bef684ccc44a49bbe3eb85e3c0bffb4a131b7c"
            ],
            "index": "pypi",
            "version": "==2.9.1"
        },
        "python-dotenv": {
            "hashes": [
                "sha256:aae25dc1ebe97c420f50b81fb0e5c949659af713f31fdb63c749ca68748f34b1",
                "sha256:f521bc2ac9a8e03c736f62911605c5d83970021e3fa95b37d769e2bbbe9b6172"
            ],
            "index": "pypi",
            "version": "==0.19.0"
        },
        "pytz": {
            "hashes": [
                "sha256:83a4a90894bf38e243cf052c8b58f381bfe9a7a483f6a9cab140bc7f702ac4da",
                "sha256:eb10ce3e7736052ed3623d49975ce333bcd712c7bb19a58b9e2089d4057d0798"
            ],
            "version": "==2021.1"
        },
        "redis": {
            "hashes": [
                "sha256:0e7e0cfca8660dea8b7d5cd8c4f6c5e29e11f31158c0b0ae91a397f00e5a05a2",
                "sha256:432b788c4530cfe16d8d943a09d40ca6c16149727e4afe8c2c9d5580c59d9f24"
            ],
            "index": "pypi",
            "version": "==3.5.3"
        },
        "sqlparse": {
            "hashes": [
                "sha256:017cde379adbd6a1f15a61873f43e8274179378e95ef3fede90b5aa64d304ed0",
                "sha256:0f91fd2e829c44362cbcfab3e9ae12e22badaa8a29ad5ff599f9ec109f0454e8"
            ],
            "markers": "python_version >= '3.5'",
            "version": "==0.4.1"
        },
        "uvicorn": {
            "hashes": [
                "sha256:17f898c64c71a2640514d4089da2689e5db1ce5d4086c2d53699bf99513421c1",
                "sha256:d9a3c0dd1ca86728d3e235182683b4cf94cd53a867c288eaeca80ee781b2caff"
            ],
            "index": "pypi",
            "version": "==0.15.0"
        }
    },
    "develop": {
        "appdirs": {
            "hashes": [
                "sha256:7d5d0167b2b1ba821647616af46a749d1c653740dd0d2415100fe26e27afdf41",
                "sha256:a841dacd6b99318a741b166adb07e19ee71a274450e68237b4650ca1055ab128"
            ],
            "version": "==1.4.4"
        },
        "black": {
            "hashes": [
                "sha256:1c7aa6ada8ee864db745b22790a32f94b2795c253a75d6d9b5e439ff10d23116",
                "sha256:c8373c6491de9362e39271630b65b964607bc5c79c83783547d76c839b3aa219"
            ],
            "index": "pypi",
            "version": "==21.7b0"
        },
        "click": {
            "hashes": [
                "sha256:8c04c11192119b1ef78ea049e0a6f0463e4c48ef00a30160c704337586f3ad7a",
                "sha256:fba402a4a47334742d782209a7c79bc448911afe1149d07bdabdf480b3e2f4b6"
            ],
            "markers": "python_version >= '3.6'",
            "version": "==8.0.1"
        },
        "mypy-extensions": {
            "hashes": [
                "sha256:090fedd75945a69ae91ce1303b5824f428daf5a028d2f6ab8a299250a846f15d",
                "sha256:2d82818f5bb3e369420cb3c4060a7970edba416647068eb4c5343488a6c604a8"
            ],
            "version": "==0.4.3"
        },
        "pathspec": {
            "hashes": [
                "sha256:7d15c4ddb0b5c802d161efc417ec1a2558ea2653c2e8ad9c19098201dc1c993a",
                "sha256:e564499435a2673d586f6b2130bb5b95f04a3ba06f81b8f895b651a3c76aabb1"
            ],
            "version": "==0.9.0"
        },
        "python-dotenv": {
            "hashes": [
                "sha256:aae25dc1ebe97c420f50b81fb0e5c949659af713f31fdb63c749ca68748f34b1",
                "sha256:f521bc2ac9a8e03c736f62911605c5d83970021e3fa95b37d769e2bbbe9b6172"
            ],
            "index": "pypi",
            "version": "==0.19.0"
        },
        "regex": {
            "hashes": [
                "sha256:0696eb934dee723e3292056a2c046ddb1e4dd3887685783a9f4af638e85dee76",
                "sha256:105122fa63da98d8456d5026bc6ac5a1399fd82fa6bad22c6ea641b1572c9142",
                "sha256:116c277774f84266044e889501fe79cfd293a8b4336b7a5e89b9f20f1e5a9f21",
                "sha256:12eaf0bbe568bd62e6cade7937e0bf01a2a4cef49a82f4fd204401e78409e158",
                "sha256:1401cfa4320691cbd91191ec678735c727dee674d0997b0902a5a38ad482faf5",
                "sha256:19acdb8831a4e3b03b23369db43178d8fee1f17b99c83af6cd907886f76bd9d4",
                "sha256:208851a2f8dd31e468f0b5aa6c94433975bd67a107a4e7da3bdda947c9f85e25",
                "sha256:24d68499a27b2d93831fde4a9b84ea5b19e0ab141425fbc9ab1e5b4dad179df7",
                "sha256:2778c6cb379d804e429cc8e627392909e60db5152b42c695c37ae5757aae50ae",
                "sha256:2a0a5e323cf86760784ce2b91d8ab5ea09d0865d6ef4da0151e03d15d097b24e",
                "sha256:2d9cbe0c755ab8b6f583169c0783f7278fc6b195e423b09c5a8da6f858025e96",
                "sha256:2de1429e4eeab799c168a4f6e6eecdf30fcaa389bba4039cc8a065d6b7aad647",
                "sha256:32753eda8d413ce4f208cfe01dd61171a78068a6f5d5f38ccd751e00585cdf1d",
                "sha256:3ee8ad16a35c45a5bab098e39020ecb6fec3b0e700a9d88983d35cbabcee79c8",
                "sha256:4f03fc0a25122cdcbf39136510d4ea7627f732206892db522adf510bc03b8c67",
                "sha256:4f3e36086d6631ceaf468503f96a3be0d247caef0660c9452fb1b0c055783851",
                "sha256:503c1ba0920a46a1844363725215ef44d59fcac2bd2c03ae3c59aa9d08d29bd6",
                "sha256:507861cf3d97a86fbe26ea6cc04660ae028b9e4080b8290e28b99547b4e15d89",
                "sha256:56ae6e3cf0506ec0c40b466e31f41ee7a7149a2b505ae0ee50edd9043b423d27",
                "sha256:6530b7b9505123cdea40a2301225183ca65f389bc6129f0c225b9b41680268d8",
                "sha256:6729914dd73483cd1c8aaace3ac082436fc98b0072743ac136eaea0b3811d42f",
                "sha256:7406dd2e44c7cfb4680c0a45a03264381802c67890cf506c147288f04c67177d",
                "sha256:7684016b73938ca12d160d2907d141f06b7597bd17d854e32bb7588be01afa1d",
                "sha256:7db58ad61f3f6ea393aaf124d774ee0c58806320bc85c06dc9480f5c7219c250",
                "sha256:83946ca9278b304728b637bc8d8200ab1663a79de85e47724594917aeed0e892",
                "sha256:84057cfae5676f456b03970eb78b7e182fddc80c2daafd83465a3d6ca9ff8dbf",
                "sha256:862b6164e9a38b5c495be2c2854e75fd8af12c5be4c61dc9b42d255980d7e907",
                "sha256:8ddb4f9ce6bb388ecc97b4b3eb37e786f05d7d5815e8822e0d87a3dbd7100649",
                "sha256:92eb03f47427fea452ff6956d11f5d5a3f22a048c90a0f34fa223e6badab6c85",
                "sha256:a5f3bc727fea58f21d99c22e6d4fca652dc11dbc2a1e7cfc4838cd53b2e3691f",
                "sha256:a6180dbf5945b27e9420e1b58c3cacfc79ad5278bdad3ea35109f5680fbe16d1",
                "sha256:b158f673ae6a6523f13704f70aa7e4ce875f91e379bece4362c89db18db189d5",
                "sha256:cd45b4542134de63e7b9dd653e0a2d7d47ffed9615e3637c27ca5f6b78ea68bb",
                "sha256:d2404336fd16788ea757d4218a2580de60adb052d9888031e765320be8884309",
                "sha256:db888d4fb33a2fd54b57ac55d5015e51fa849f0d8592bd799b4e47f83bd04e00",
                "sha256:dde0ac721c7c5bfa5f9fc285e811274dec3c392f2c1225f7d07ca98a8187ca84",
                "sha256:de0d06ccbc06af5bf93bddec10f4f80275c5d74ea6d28b456931f3955f58bc8c",
                "sha256:e02dad60e3e8442eefd28095e99b2ac98f2b8667167493ac6a2f3aadb5d84a17",
                "sha256:e960fe211496333b2f7e36badf4c22a919d740386681f79139ee346b403d1ca1",
                "sha256:e9700c52749cb3e90c98efd72b730c97b7e4962992fca5fbcaf1363be8e3b849",
                "sha256:ee318974a1fdacba1701bc9e552e9015788d6345416364af6fa987424ff8df53"
            ],
            "version": "==2021.8.27"
        },
        "tomli": {
            "hashes": [
                "sha256:8dd0e9524d6f386271a36b41dbf6c57d8e32fd96fd22b6584679dc569d20899f",
                "sha256:a5b75cb6f3968abb47af1b40c1819dc519ea82bcc065776a866e8d74c5ca9442"
            ],
            "markers": "python_version >= '3.6'",
            "version": "==1.2.1"
        }
    }
}
